
Microsoft Visual Studio Solution File, Format Version 12.00
# Visual Studio Version 16
VisualStudioVersion = 16.0.31729.503
MinimumVisualStudioVersion = 10.0.40219.1
Project("{FAE04EC0-301F-11D3-BF4B-00C04F79EFBC}") = "21_11", "21_11\21_11.csproj", "{719DAC21-B6DE-4657-86EC-A31057A13DA4}"
EndProject
Global
	GlobalSection(SolutionConfigurationPlatforms) = preSolution
		Debug|Any CPU = Debug|Any CPU
		Release|Any CPU = Release|Any CPU
	EndGlobalSection
	GlobalSection(ProjectConfigurationPlatforms) = postSolution
		{719DAC21-B6DE-4657-86EC-A31057A13DA4}.Debug|Any CPU.ActiveCfg = Debug|Any CPU
		{719DAC21-B6DE-4657-86EC-A31057A13DA4}.Debug|Any CPU.Build.0 = Debug|Any CPU
		{719DAC21-B6DE-4657-86EC-A31057A13DA4}.Release|Any CPU.ActiveCfg = Release|Any CPU
		{719DAC21-B6DE-4657-86EC-A31057A13DA4}.Release|Any CPU.Build.0 = Release|Any CPU
	EndGlobalSection
	GlobalSection(SolutionProperties) = preSolution
		HideSolutionNode = FALSE
	EndGlobalSection
	GlobalSection(ExtensibilityGlobals) = postSolution
		SolutionGuid = {55286FAA-F855-4FA4-AD43-995BF788BD55}
	EndGlobalSection
EndGlobal
