
Microsoft Visual Studio Solution File, Format Version 12.00
# Visual Studio Version 16
VisualStudioVersion = 16.0.31729.503
MinimumVisualStudioVersion = 10.0.40219.1
Project("{FAE04EC0-301F-11D3-BF4B-00C04F79EFBC}") = "9_11_practics", "9_11_practics\9_11_practics.csproj", "{B40A8786-5650-4733-9E13-17530E4CB1E5}"
EndProject
Global
	GlobalSection(SolutionConfigurationPlatforms) = preSolution
		Debug|Any CPU = Debug|Any CPU
		Release|Any CPU = Release|Any CPU
	EndGlobalSection
	GlobalSection(ProjectConfigurationPlatforms) = postSolution
		{B40A8786-5650-4733-9E13-17530E4CB1E5}.Debug|Any CPU.ActiveCfg = Debug|Any CPU
		{B40A8786-5650-4733-9E13-17530E4CB1E5}.Debug|Any CPU.Build.0 = Debug|Any CPU
		{B40A8786-5650-4733-9E13-17530E4CB1E5}.Release|Any CPU.ActiveCfg = Release|Any CPU
		{B40A8786-5650-4733-9E13-17530E4CB1E5}.Release|Any CPU.Build.0 = Release|Any CPU
	EndGlobalSection
	GlobalSection(SolutionProperties) = preSolution
		HideSolutionNode = FALSE
	EndGlobalSection
	GlobalSection(ExtensibilityGlobals) = postSolution
		SolutionGuid = {0B8E8660-2BF2-44D5-9DEF-C96593F380B6}
	EndGlobalSection
EndGlobal
